// !$*UTF8*$!
{
	archiveVersion = 1;
	classes = {
	};
	objectVersion = 56;
	objects = {

/* Begin PBXBuildFile section */
		4C05A4872E046C2400B0BC7C /* 02-print.swift in Sources */ = {isa = PBXBuildFile; fileRef = 4C05A4862E046C2400B0BC7C /* 02-print.swift */; };
		4C05A4892E046C3700B0BC7C /* 00-变量与常量.swift in Sources */ = {isa = PBXBuildFile; fileRef = 4C05A4882E046C3700B0BC7C /* 00-变量与常量.swift */; };
		4C05A48B2E046C4900B0BC7C /* 01-类型安全.swift in Sources */ = {isa = PBXBuildFile; fileRef = 4C05A48A2E046C4900B0BC7C /* 01-类型安全.swift */; };
		4C05A48D2E046E4500B0BC7C /* 03-字符串操作.swift in Sources */ = {isa = PBXBuildFile; fileRef = 4C05A48C2E046E4500B0BC7C /* 03-字符串操作.swift */; };
		4C23E36C2E032AEF00A86AD2 /* main.swift in Sources */ = {isa = PBXBuildFile; fileRef = 4C23E36B2E032AEF00A86AD2 /* main.swift */; };
		4C24F01E2E06F07A0073CEF9 /* 04-整数.swift in Sources */ = {isa = PBXBuildFile; fileRef = 4C24F01D2E06F07A0073CEF9 /* 04-整数.swift */; };
		4C893E202E080B3200718E51 /* 05-双精度.swift in Sources */ = {isa = PBXBuildFile; fileRef = 4C893E1F2E080B3200718E51 /* 05-双精度.swift */; };
		4C893E222E080B5C00718E51 /* 06-布尔.swift in Sources */ = {isa = PBXBuildFile; fileRef = 4C893E212E080B5C00718E51 /* 06-布尔.swift */; };
		4C893E242E080C4B00718E51 /* 07-运算符.swift in Sources */ = {isa = PBXBuildFile; fileRef = 4C893E232E080C4B00718E51 /* 07-运算符.swift */; };
		4C893E262E080E9100718E51 /* 08-数组.swift in Sources */ = {isa = PBXBuildFile; fileRef = 4C893E252E080E9100718E51 /* 08-数组.swift */; };
/* End PBXBuildFile section */

/* Begin PBXCopyFilesBuildPhase section */
		4C23E3662E032AEF00A86AD2 /* CopyFiles */ = {
			isa = PBXCopyFilesBuildPhase;
			buildActionMask = 2147483647;
			dstPath = /usr/share/man/man1/;
			dstSubfolderSpec = 0;
			files = (
			);
			runOnlyForDeploymentPostprocessing = 1;
		};
/* End PBXCopyFilesBuildPhase section */

/* Begin PBXFileReference section */
		4C05A4862E046C2400B0BC7C /* 02-print.swift */ = {isa = PBXFileReference; fileEncoding = 4; lastKnownFileType = sourcecode.swift; path = "02-print.swift"; sourceTree = "<group>"; };
		4C05A4882E046C3700B0BC7C /* 00-变量与常量.swift */ = {isa = PBXFileReference; fileEncoding = 4; lastKnownFileType = sourcecode.swift; path = "00-变量与常量.swift"; sourceTree = "<group>"; };
		4C05A48A2E046C4900B0BC7C /* 01-类型安全.swift */ = {isa = PBXFileReference; fileEncoding = 4; lastKnownFileType = sourcecode.swift; path = "01-类型安全.swift"; sourceTree = "<group>"; };
		4C05A48C2E046E4500B0BC7C /* 03-字符串操作.swift */ = {isa = PBXFileReference; lastKnownFileType = sourcecode.swift; path = "03-字符串操作.swift"; sourceTree = "<group>"; };
		4C23E3682E032AEF00A86AD2 /* 01-Swift */ = {isa = PBXFileReference; explicitFileType = "compiled.mach-o.executable"; includeInIndex = 0; path = "01-Swift"; sourceTree = BUILT_PRODUCTS_DIR; };
		4C23E36B2E032AEF00A86AD2 /* main.swift */ = {isa = PBXFileReference; lastKnownFileType = sourcecode.swift; path = main.swift; sourceTree = "<group>"; };
		4C24F01D2E06F07A0073CEF9 /* 04-整数.swift */ = {isa = PBXFileReference; lastKnownFileType = sourcecode.swift; path = "04-整数.swift"; sourceTree = "<group>"; };
		4C893E1F2E080B3200718E51 /* 05-双精度.swift */ = {isa = PBXFileReference; fileEncoding = 4; lastKnownFileType = sourcecode.swift; path = "05-双精度.swift"; sourceTree = "<group>"; };
		4C893E212E080B5C00718E51 /* 06-布尔.swift */ = {isa = PBXFileReference; lastKnownFileType = sourcecode.swift; path = "06-布尔.swift"; sourceTree = "<group>"; };
		4C893E232E080C4B00718E51 /* 07-运算符.swift */ = {isa = PBXFileReference; lastKnownFileType = sourcecode.swift; path = "07-运算符.swift"; sourceTree = "<group>"; };
		4C893E252E080E9100718E51 /* 08-数组.swift */ = {isa = PBXFileReference; lastKnownFileType = sourcecode.swift; path = "08-数组.swift"; sourceTree = "<group>"; };
/* End PBXFileReference section */

/* Begin PBXFrameworksBuildPhase section */
		4C23E3652E032AEF00A86AD2 /* Frameworks */ = {
			isa = PBXFrameworksBuildPhase;
			buildActionMask = 2147483647;
			files = (
			);
			runOnlyForDeploymentPostprocessing = 0;
		};
/* End PBXFrameworksBuildPhase section */

/* Begin PBXGroup section */
		4C23E35F2E032AEF00A86AD2 = {
			isa = PBXGroup;
			children = (
				4C23E36A2E032AEF00A86AD2 /* 01-Swift */,
				4C23E3692E032AEF00A86AD2 /* Products */,
			);
			sourceTree = "<group>";
		};
		4C23E3692E032AEF00A86AD2 /* Products */ = {
			isa = PBXGroup;
			children = (
				4C23E3682E032AEF00A86AD2 /* 01-Swift */,
			);
			name = Products;
			sourceTree = "<group>";
		};
		4C23E36A2E032AEF00A86AD2 /* 01-Swift */ = {
			isa = PBXGroup;
			children = (
				4C23E36B2E032AEF00A86AD2 /* main.swift */,
				4C05A48A2E046C4900B0BC7C /* 01-类型安全.swift */,
				4C05A4862E046C2400B0BC7C /* 02-print.swift */,
				4C05A48C2E046E4500B0BC7C /* 03-字符串操作.swift */,
				4C24F01D2E06F07A0073CEF9 /* 04-整数.swift */,
				4C05A4882E046C3700B0BC7C /* 00-变量与常量.swift */,
				4C893E1F2E080B3200718E51 /* 05-双精度.swift */,
				4C893E212E080B5C00718E51 /* 06-布尔.swift */,
				4C893E232E080C4B00718E51 /* 07-运算符.swift */,
				4C893E252E080E9100718E51 /* 08-数组.swift */,
			);
			path = "01-Swift";
			sourceTree = "<group>";
		};
/* End PBXGroup section */

/* Begin PBXNativeTarget section */
		4C23E3672E032AEF00A86AD2 /* 01-Swift */ = {
			isa = PBXNativeTarget;
			buildConfigurationList = 4C23E36F2E032AEF00A86AD2 /* Build configuration list for PBXNativeTarget "01-Swift" */;
			buildPhases = (
				4C23E3642E032AEF00A86AD2 /* Sources */,
				4C23E3652E032AEF00A86AD2 /* Frameworks */,
				4C23E3662E032AEF00A86AD2 /* CopyFiles */,
			);
			buildRules = (
			);
			dependencies = (
			);
			name = "01-Swift";
			productName = "01-Swift";
			productReference = 4C23E3682E032AEF00A86AD2 /* 01-Swift */;
			productType = "com.apple.product-type.tool";
		};
/* End PBXNativeTarget section */

/* Begin PBXProject section */
		4C23E3602E032AEF00A86AD2 /* Project object */ = {
			isa = PBXProject;
			attributes = {
				BuildIndependentTargetsInParallel = 1;
				LastSwiftUpdateCheck = 1540;
				LastUpgradeCheck = 1540;
				TargetAttributes = {
					4C23E3672E032AEF00A86AD2 = {
						CreatedOnToolsVersion = 15.4;
					};
				};
			};
			buildConfigurationList = 4C23E3632E032AEF00A86AD2 /* Build configuration list for PBXProject "01-Swift" */;
			compatibilityVersion = "Xcode 14.0";
			developmentRegion = en;
			hasScannedForEncodings = 0;
			knownRegions = (
				en,
				Base,
			);
			mainGroup = 4C23E35F2E032AEF00A86AD2;
			productRefGroup = 4C23E3692E032AEF00A86AD2 /* Products */;
			projectDirPath = "";
			projectRoot = "";
			targets = (
				4C23E3672E032AEF00A86AD2 /* 01-Swift */,
			);
		};
/* End PBXProject section */

/* Begin PBXSourcesBuildPhase section */
		4C23E3642E032AEF00A86AD2 /* Sources */ = {
			isa = PBXSourcesBuildPhase;
			buildActionMask = 2147483647;
			files = (
				4C893E222E080B5C00718E51 /* 06-布尔.swift in Sources */,
				4C893E202E080B3200718E51 /* 05-双精度.swift in Sources */,
				4C23E36C2E032AEF00A86AD2 /* main.swift in Sources */,
				4C893E262E080E9100718E51 /* 08-数组.swift in Sources */,
				4C24F01E2E06F07A0073CEF9 /* 04-整数.swift in Sources */,
				4C05A48D2E046E4500B0BC7C /* 03-字符串操作.swift in Sources */,
				4C05A4892E046C3700B0BC7C /* 00-变量与常量.swift in Sources */,
				4C05A4872E046C2400B0BC7C /* 02-print.swift in Sources */,
				4C05A48B2E046C4900B0BC7C /* 01-类型安全.swift in Sources */,
				4C893E242E080C4B00718E51 /* 07-运算符.swift in Sources */,
			);
			runOnlyForDeploymentPostprocessing = 0;
		};
/* End PBXSourcesBuildPhase section */

/* Begin XCBuildConfiguration section */
		4C23E36D2E032AEF00A86AD2 /* Debug */ = {
			isa = XCBuildConfiguration;
			buildSettings = {
				ALWAYS_SEARCH_USER_PATHS = NO;
				ASSETCATALOG_COMPILER_GENERATE_SWIFT_ASSET_SYMBOL_EXTENSIONS = YES;
				CLANG_ANALYZER_NONNULL = YES;
				CLANG_ANALYZER_NUMBER_OBJECT_CONVERSION = YES_AGGRESSIVE;
				CLANG_CXX_LANGUAGE_STANDARD = "gnu++20";
				CLANG_ENABLE_MODULES = YES;
				CLANG_ENABLE_OBJC_ARC = YES;
				CLANG_ENABLE_OBJC_WEAK = YES;
				CLANG_WARN_BLOCK_CAPTURE_AUTORELEASING = YES;
				CLANG_WARN_BOOL_CONVERSION = YES;
				CLANG_WARN_COMMA = YES;
				CLANG_WARN_CONSTANT_CONVERSION = YES;
				CLANG_WARN_DEPRECATED_OBJC_IMPLEMENTATIONS = YES;
				CLANG_WARN_DIRECT_OBJC_ISA_USAGE = YES_ERROR;
				CLANG_WARN_DOCUMENTATION_COMMENTS = YES;
				CLANG_WARN_EMPTY_BODY = YES;
				CLANG_WARN_ENUM_CONVERSION = YES;
				CLANG_WARN_INFINITE_RECURSION = YES;
				CLANG_WARN_INT_CONVERSION = YES;
				CLANG_WARN_NON_LITERAL_NULL_CONVERSION = YES;
				CLANG_WARN_OBJC_IMPLICIT_RETAIN_SELF = YES;
				CLANG_WARN_OBJC_LITERAL_CONVERSION = YES;
				CLANG_WARN_OBJC_ROOT_CLASS = YES_ERROR;
				CLANG_WARN_QUOTED_INCLUDE_IN_FRAMEWORK_HEADER = YES;
				CLANG_WARN_RANGE_LOOP_ANALYSIS = YES;
				CLANG_WARN_STRICT_PROTOTYPES = YES;
				CLANG_WARN_SUSPICIOUS_MOVE = YES;
				CLANG_WARN_UNGUARDED_AVAILABILITY = YES_AGGRESSIVE;
				CLANG_WARN_UNREACHABLE_CODE = YES;
				CLANG_WARN__DUPLICATE_METHOD_MATCH = YES;
				COPY_PHASE_STRIP = NO;
				DEBUG_INFORMATION_FORMAT = dwarf;
				ENABLE_STRICT_OBJC_MSGSEND = YES;
				ENABLE_TESTABILITY = YES;
				ENABLE_USER_SCRIPT_SANDBOXING = YES;
				GCC_C_LANGUAGE_STANDARD = gnu17;
				GCC_DYNAMIC_NO_PIC = NO;
				GCC_NO_COMMON_BLOCKS = YES;
				GCC_OPTIMIZATION_LEVEL = 0;
				GCC_PREPROCESSOR_DEFINITIONS = (
					"DEBUG=1",
					"$(inherited)",
				);
				GCC_WARN_64_TO_32_BIT_CONVERSION = YES;
				GCC_WARN_ABOUT_RETURN_TYPE = YES_ERROR;
				GCC_WARN_UNDECLARED_SELECTOR = YES;
				GCC_WARN_UNINITIALIZED_AUTOS = YES_AGGRESSIVE;
				GCC_WARN_UNUSED_FUNCTION = YES;
				GCC_WARN_UNUSED_VARIABLE = YES;
				LOCALIZATION_PREFERS_STRING_CATALOGS = YES;
				MACOSX_DEPLOYMENT_TARGET = 14.2;
				MTL_ENABLE_DEBUG_INFO = INCLUDE_SOURCE;
				MTL_FAST_MATH = YES;
				ONLY_ACTIVE_ARCH = YES;
				SDKROOT = macosx;
				SWIFT_ACTIVE_COMPILATION_CONDITIONS = "DEBUG $(inherited)";
				SWIFT_OPTIMIZATION_LEVEL = "-Onone";
			};
			name = Debug;
		};
		4C23E36E2E032AEF00A86AD2 /* Release */ = {
			isa = XCBuildConfiguration;
			buildSettings = {
				ALWAYS_SEARCH_USER_PATHS = NO;
				ASSETCATALOG_COMPILER_GENERATE_SWIFT_ASSET_SYMBOL_EXTENSIONS = YES;
				CLANG_ANALYZER_NONNULL = YES;
				CLANG_ANALYZER_NUMBER_OBJECT_CONVERSION = YES_AGGRESSIVE;
				CLANG_CXX_LANGUAGE_STANDARD = "gnu++20";
				CLANG_ENABLE_MODULES = YES;
				CLANG_ENABLE_OBJC_ARC = YES;
				CLANG_ENABLE_OBJC_WEAK = YES;
				CLANG_WARN_BLOCK_CAPTURE_AUTORELEASING = YES;
				CLANG_WARN_BOOL_CONVERSION = YES;
				CLANG_WARN_COMMA = YES;
				CLANG_WARN_CONSTANT_CONVERSION = YES;
				CLANG_WARN_DEPRECATED_OBJC_IMPLEMENTATIONS = YES;
				CLANG_WARN_DIRECT_OBJC_ISA_USAGE = YES_ERROR;
				CLANG_WARN_DOCUMENTATION_COMMENTS = YES;
				CLANG_WARN_EMPTY_BODY = YES;
				CLANG_WARN_ENUM_CONVERSION = YES;
				CLANG_WARN_INFINITE_RECURSION = YES;
				CLANG_WARN_INT_CONVERSION = YES;
				CLANG_WARN_NON_LITERAL_NULL_CONVERSION = YES;
				CLANG_WARN_OBJC_IMPLICIT_RETAIN_SELF = YES;
				CLANG_WARN_OBJC_LITERAL_CONVERSION = YES;
				CLANG_WARN_OBJC_ROOT_CLASS = YES_ERROR;
				CLANG_WARN_QUOTED_INCLUDE_IN_FRAMEWORK_HEADER = YES;
				CLANG_WARN_RANGE_LOOP_ANALYSIS = YES;
				CLANG_WARN_STRICT_PROTOTYPES = YES;
				CLANG_WARN_SUSPICIOUS_MOVE = YES;
				CLANG_WARN_UNGUARDED_AVAILABILITY = YES_AGGRESSIVE;
				CLANG_WARN_UNREACHABLE_CODE = YES;
				CLANG_WARN__DUPLICATE_METHOD_MATCH = YES;
				COPY_PHASE_STRIP = NO;
				DEBUG_INFORMATION_FORMAT = "dwarf-with-dsym";
				ENABLE_NS_ASSERTIONS = NO;
				ENABLE_STRICT_OBJC_MSGSEND = YES;
				ENABLE_USER_SCRIPT_SANDBOXING = YES;
				GCC_C_LANGUAGE_STANDARD = gnu17;
				GCC_NO_COMMON_BLOCKS = YES;
				GCC_WARN_64_TO_32_BIT_CONVERSION = YES;
				GCC_WARN_ABOUT_RETURN_TYPE = YES_ERROR;
				GCC_WARN_UNDECLARED_SELECTOR = YES;
				GCC_WARN_UNINITIALIZED_AUTOS = YES_AGGRESSIVE;
				GCC_WARN_UNUSED_FUNCTION = YES;
				GCC_WARN_UNUSED_VARIABLE = YES;
				LOCALIZATION_PREFERS_STRING_CATALOGS = YES;
				MACOSX_DEPLOYMENT_TARGET = 14.2;
				MTL_ENABLE_DEBUG_INFO = NO;
				MTL_FAST_MATH = YES;
				SDKROOT = macosx;
				SWIFT_COMPILATION_MODE = wholemodule;
			};
			name = Release;
		};
		4C23E3702E032AEF00A86AD2 /* Debug */ = {
			isa = XCBuildConfiguration;
			buildSettings = {
				CODE_SIGN_STYLE = Automatic;
				DEVELOPMENT_TEAM = YCU9763AAG;
				ENABLE_HARDENED_RUNTIME = YES;
				PRODUCT_NAME = "$(TARGET_NAME)";
				SWIFT_VERSION = 5.0;
			};
			name = Debug;
		};
		4C23E3712E032AEF00A86AD2 /* Release */ = {
			isa = XCBuildConfiguration;
			buildSettings = {
				CODE_SIGN_STYLE = Automatic;
				DEVELOPMENT_TEAM = YCU9763AAG;
				ENABLE_HARDENED_RUNTIME = YES;
				PRODUCT_NAME = "$(TARGET_NAME)";
				SWIFT_VERSION = 5.0;
			};
			name = Release;
		};
/* End XCBuildConfiguration section */

/* Begin XCConfigurationList section */
		4C23E3632E032AEF00A86AD2 /* Build configuration list for PBXProject "01-Swift" */ = {
			isa = XCConfigurationList;
			buildConfigurations = (
				4C23E36D2E032AEF00A86AD2 /* Debug */,
				4C23E36E2E032AEF00A86AD2 /* Release */,
			);
			defaultConfigurationIsVisible = 0;
			defaultConfigurationName = Release;
		};
		4C23E36F2E032AEF00A86AD2 /* Build configuration list for PBXNativeTarget "01-Swift" */ = {
			isa = XCConfigurationList;
			buildConfigurations = (
				4C23E3702E032AEF00A86AD2 /* Debug */,
				4C23E3712E032AEF00A86AD2 /* Release */,
			);
			defaultConfigurationIsVisible = 0;
			defaultConfigurationName = Release;
		};
/* End XCConfigurationList section */
	};
	rootObject = 4C23E3602E032AEF00A86AD2 /* Project object */;
}
